
Microsoft Visual Studio Solution File, Format Version 12.00
# Visual Studio Version 17
VisualStudioVersion = 17.9.34728.123
MinimumVisualStudioVersion = 10.0.40219.1
Project("{FAE04EC0-301F-11D3-BF4B-00C04F79EFBC}") = "MyWebApplication", "MyWebApplication\MyWebApplication.csproj", "{211A8E51-9611-4377-A9C9-736DC1834058}"
EndProject
Global
	GlobalSection(SolutionConfigurationPlatforms) = preSolution
		Debug|Any CPU = Debug|Any CPU
		Release|Any CPU = Release|Any CPU
	EndGlobalSection
	GlobalSection(ProjectConfigurationPlatforms) = postSolution
		{211A8E51-9611-4377-A9C9-736DC1834058}.Debug|Any CPU.ActiveCfg = Debug|Any CPU
		{211A8E51-9611-4377-A9C9-736DC1834058}.Debug|Any CPU.Build.0 = Debug|Any CPU
		{211A8E51-9611-4377-A9C9-736DC1834058}.Release|Any CPU.ActiveCfg = Release|Any CPU
		{211A8E51-9611-4377-A9C9-736DC1834058}.Release|Any CPU.Build.0 = Release|Any CPU
	EndGlobalSection
	GlobalSection(SolutionProperties) = preSolution
		HideSolutionNode = FALSE
	EndGlobalSection
	GlobalSection(ExtensibilityGlobals) = postSolution
		SolutionGuid = {C82BEBE2-E089-42D5-A59B-6FEEBBE8C2EE}
	EndGlobalSection
EndGlobal
